
Microsoft Visual Studio Solution File, Format Version 12.00
# Visual Studio Version 17
VisualStudioVersion = 17.6.33717.318
MinimumVisualStudioVersion = 10.0.40219.1
Project("{9A19103F-16F7-4668-BE54-9A1E7A4F7556}") = "C.presentacion", "Proyecto_Inventario\C.presentacion.csproj", "{AF78DF3C-4148-4B30-8342-EA13A47617BB}"
EndProject
Project("{FAE04EC0-301F-11D3-BF4B-00C04F79EFBC}") = "C_Datos", "C_Datos\C_Datos.csproj", "{C24A6C37-6D19-4DB7-BBB1-FC29D259D0A3}"
EndProject
Project("{FAE04EC0-301F-11D3-BF4B-00C04F79EFBC}") = "C_entidad", "C_entidad\C_entidad.csproj", "{CFF7EDDE-EACB-4AB2-BDD5-B5826BB530B1}"
EndProject
Project("{FAE04EC0-301F-11D3-BF4B-00C04F79EFBC}") = "C_negocios", "C_negocios\C_negocios.csproj", "{7C167F2E-C919-440F-89B4-5454FE6990C4}"
EndProject
Global
	GlobalSection(SolutionConfigurationPlatforms) = preSolution
		Debug|Any CPU = Debug|Any CPU
		Release|Any CPU = Release|Any CPU
	EndGlobalSection
	GlobalSection(ProjectConfigurationPlatforms) = postSolution
		{AF78DF3C-4148-4B30-8342-EA13A47617BB}.Debug|Any CPU.ActiveCfg = Debug|Any CPU
		{AF78DF3C-4148-4B30-8342-EA13A47617BB}.Debug|Any CPU.Build.0 = Debug|Any CPU
		{AF78DF3C-4148-4B30-8342-EA13A47617BB}.Release|Any CPU.ActiveCfg = Release|Any CPU
		{AF78DF3C-4148-4B30-8342-EA13A47617BB}.Release|Any CPU.Build.0 = Release|Any CPU
		{C24A6C37-6D19-4DB7-BBB1-FC29D259D0A3}.Debug|Any CPU.ActiveCfg = Debug|Any CPU
		{C24A6C37-6D19-4DB7-BBB1-FC29D259D0A3}.Debug|Any CPU.Build.0 = Debug|Any CPU
		{C24A6C37-6D19-4DB7-BBB1-FC29D259D0A3}.Release|Any CPU.ActiveCfg = Release|Any CPU
		{C24A6C37-6D19-4DB7-BBB1-FC29D259D0A3}.Release|Any CPU.Build.0 = Release|Any CPU
		{CFF7EDDE-EACB-4AB2-BDD5-B5826BB530B1}.Debug|Any CPU.ActiveCfg = Debug|Any CPU
		{CFF7EDDE-EACB-4AB2-BDD5-B5826BB530B1}.Debug|Any CPU.Build.0 = Debug|Any CPU
		{CFF7EDDE-EACB-4AB2-BDD5-B5826BB530B1}.Release|Any CPU.ActiveCfg = Release|Any CPU
		{CFF7EDDE-EACB-4AB2-BDD5-B5826BB530B1}.Release|Any CPU.Build.0 = Release|Any CPU
		{7C167F2E-C919-440F-89B4-5454FE6990C4}.Debug|Any CPU.ActiveCfg = Debug|Any CPU
		{7C167F2E-C919-440F-89B4-5454FE6990C4}.Debug|Any CPU.Build.0 = Debug|Any CPU
		{7C167F2E-C919-440F-89B4-5454FE6990C4}.Release|Any CPU.ActiveCfg = Release|Any CPU
		{7C167F2E-C919-440F-89B4-5454FE6990C4}.Release|Any CPU.Build.0 = Release|Any CPU
	EndGlobalSection
	GlobalSection(SolutionProperties) = preSolution
		HideSolutionNode = FALSE
	EndGlobalSection
	GlobalSection(ExtensibilityGlobals) = postSolution
		SolutionGuid = {B310173A-454A-4F5D-A0B4-ED49B6B5BA09}
	EndGlobalSection
EndGlobal
